
Microsoft Visual Studio Solution File, Format Version 12.00
# Visual Studio 2012
Project("{FAE04EC0-301F-11D3-BF4B-00C04F79EFBC}") = "TF2 Search Server", "TF2 Search Server\TF2 Search Server.csproj", "{2DA65A49-D25F-4957-AC18-B26A9C65204A}"
EndProject
Project("{FAE04EC0-301F-11D3-BF4B-00C04F79EFBC}") = "TF2 Search Client", "TF2 Search Client\TF2 Search Client.csproj", "{39FBB7BC-B170-45CD-9A7D-17FE4DF848F5}"
EndProject
Global
	GlobalSection(SolutionConfigurationPlatforms) = preSolution
		Debug|Any CPU = Debug|Any CPU
		Release|Any CPU = Release|Any CPU
	EndGlobalSection
	GlobalSection(ProjectConfigurationPlatforms) = postSolution
		{2DA65A49-D25F-4957-AC18-B26A9C65204A}.Debug|Any CPU.ActiveCfg = Debug|Any CPU
		{2DA65A49-D25F-4957-AC18-B26A9C65204A}.Debug|Any CPU.Build.0 = Debug|Any CPU
		{2DA65A49-D25F-4957-AC18-B26A9C65204A}.Release|Any CPU.ActiveCfg = Release|Any CPU
		{2DA65A49-D25F-4957-AC18-B26A9C65204A}.Release|Any CPU.Build.0 = Release|Any CPU
		{39FBB7BC-B170-45CD-9A7D-17FE4DF848F5}.Debug|Any CPU.ActiveCfg = Debug|Any CPU
		{39FBB7BC-B170-45CD-9A7D-17FE4DF848F5}.Debug|Any CPU.Build.0 = Debug|Any CPU
		{39FBB7BC-B170-45CD-9A7D-17FE4DF848F5}.Release|Any CPU.ActiveCfg = Release|Any CPU
		{39FBB7BC-B170-45CD-9A7D-17FE4DF848F5}.Release|Any CPU.Build.0 = Release|Any CPU
	EndGlobalSection
	GlobalSection(SolutionProperties) = preSolution
		HideSolutionNode = FALSE
	EndGlobalSection
EndGlobal
